
Microsoft Visual Studio Solution File, Format Version 12.00
# Visual Studio 2013
VisualStudioVersion = 12.0.21005.1
MinimumVisualStudioVersion = 10.0.40219.1
Project("{F088123C-0E9E-452A-89E6-6BA2F21D5CAC}") = "MovieAdvisor.Architecture", "MovieAdvisor.Architecture\MovieAdvisor.Architecture.modelproj", "{6C472F3F-59B5-4970-9DA3-BDE9EA385E8D}"
EndProject
Project("{2150E333-8FDC-42A3-9474-1A3956D46DE8}") = "5_WebUI", "5_WebUI", "{08B792FC-EFC2-45EC-993D-6445CE5552AE}"
EndProject
Project("{2150E333-8FDC-42A3-9474-1A3956D46DE8}") = "3_BulkDataLoader", "3_BulkDataLoader", "{9894154E-D942-4015-89E3-B80D6E835C8F}"
EndProject
Project("{2150E333-8FDC-42A3-9474-1A3956D46DE8}") = "4_Qualifier", "4_Qualifier", "{254BA38E-4014-4146-8C36-6D7532626202}"
EndProject
Project("{2150E333-8FDC-42A3-9474-1A3956D46DE8}") = "0_Common", "0_Common", "{D9041AF4-E71F-48D6-88CC-B68652DAB998}"
EndProject
Project("{2150E333-8FDC-42A3-9474-1A3956D46DE8}") = "2_BLL", "2_BLL", "{B6BD95D4-DAED-45E5-82E9-B9342DA5EA2C}"
EndProject
Project("{2150E333-8FDC-42A3-9474-1A3956D46DE8}") = "1_DAL", "1_DAL", "{7C86C476-3278-4E8E-A2BC-10D9C8D24238}"
EndProject
Project("{FAE04EC0-301F-11D3-BF4B-00C04F79EFBC}") = "MovieAdvisor.Common", "MovieAdvisor.Common\MovieAdvisor.Common.csproj", "{3F9E1675-AB70-4306-BDC8-16CC52668631}"
EndProject
Project("{FAE04EC0-301F-11D3-BF4B-00C04F79EFBC}") = "MovieAdvisor.DataAccess.Interfaces.Core", "MovieAdvisor.DataAccess.Interfaces.Core\MovieAdvisor.DataAccess.Interfaces.Core.csproj", "{5E351166-5ED5-41E6-9292-AB61030CF086}"
EndProject
Project("{FAE04EC0-301F-11D3-BF4B-00C04F79EFBC}") = "MovieAdvisor.DataAccess.Entities.Core", "MovieAdvisor.DataAccess.Entities.Core\MovieAdvisor.DataAccess.Entities.Core.csproj", "{D0FA1F8C-7842-46D2-9F9F-03B00C75C9FD}"
EndProject
Project("{FAE04EC0-301F-11D3-BF4B-00C04F79EFBC}") = "MovieAdvisor.DataAccess.Services.Core", "MovieAdvisor.DataAccess.Services.Core\MovieAdvisor.DataAccess.Services.Core.csproj", "{56588572-549B-456B-903B-97B5E9F050C3}"
EndProject
Project("{FAE04EC0-301F-11D3-BF4B-00C04F79EFBC}") = "MovieAdvisor.DataAccess.Unity.Core", "MovieAdvisor.DataAccess.Unity.Core\MovieAdvisor.DataAccess.Unity.Core.csproj", "{F643E36A-0E66-454D-B49C-078C0D5C9B18}"
EndProject
Project("{FAE04EC0-301F-11D3-BF4B-00C04F79EFBC}") = "MovieAdvisor.Business.Entities.Core", "MovieAdvisor.Business.Entities.Core\MovieAdvisor.Business.Entities.Core.csproj", "{D620A0DF-A793-4F04-A2F5-5946AD19A808}"
EndProject
Project("{FAE04EC0-301F-11D3-BF4B-00C04F79EFBC}") = "MovieAdvisor.Business.Interfaces.Core", "MovieAdvisor.Business.Interfaces.Core\MovieAdvisor.Business.Interfaces.Core.csproj", "{15A796C8-C6B5-421A-A0AF-FC2CD94E3B13}"
EndProject
Project("{FAE04EC0-301F-11D3-BF4B-00C04F79EFBC}") = "MovieAdvisor.BulkDataLoader", "MovieAdvisor.BulkDataLoader\MovieAdvisor.BulkDataLoader.csproj", "{43E633F8-32CC-4194-B478-EF42366FB198}"
EndProject
Project("{FAE04EC0-301F-11D3-BF4B-00C04F79EFBC}") = "MovieAdvisor.BulkDataLoader.DataAccess", "MovieAdvisor.BulkDataLoader.DataAccess\MovieAdvisor.BulkDataLoader.DataAccess.csproj", "{30B10326-0850-495E-B856-1449A2C413E1}"
EndProject
Project("{FAE04EC0-301F-11D3-BF4B-00C04F79EFBC}") = "MovieAdvisor.BulkDataLoader.DataAccess.Unity", "MovieAdvisor.BulkDataLoader.DataAccess.Unity\MovieAdvisor.BulkDataLoader.DataAccess.Unity.csproj", "{3D4A84E8-7841-481C-BF74-42228585E133}"
EndProject
Project("{FAE04EC0-301F-11D3-BF4B-00C04F79EFBC}") = "MovieAdvisor.BulkDataLoader.Tests", "MovieAdvisor.BulkDataLoader.Tests\MovieAdvisor.BulkDataLoader.Tests.csproj", "{5EFF7F53-3D3D-46AA-9067-3BD47DA7D73B}"
EndProject
Global
	GlobalSection(SolutionConfigurationPlatforms) = preSolution
		Debug|Any CPU = Debug|Any CPU
		Release|Any CPU = Release|Any CPU
	EndGlobalSection
	GlobalSection(ProjectConfigurationPlatforms) = postSolution
		{6C472F3F-59B5-4970-9DA3-BDE9EA385E8D}.Debug|Any CPU.ActiveCfg = Debug|Any CPU
		{6C472F3F-59B5-4970-9DA3-BDE9EA385E8D}.Debug|Any CPU.Build.0 = Debug|Any CPU
		{6C472F3F-59B5-4970-9DA3-BDE9EA385E8D}.Release|Any CPU.ActiveCfg = Release|Any CPU
		{6C472F3F-59B5-4970-9DA3-BDE9EA385E8D}.Release|Any CPU.Build.0 = Release|Any CPU
		{3F9E1675-AB70-4306-BDC8-16CC52668631}.Debug|Any CPU.ActiveCfg = Debug|Any CPU
		{3F9E1675-AB70-4306-BDC8-16CC52668631}.Debug|Any CPU.Build.0 = Debug|Any CPU
		{3F9E1675-AB70-4306-BDC8-16CC52668631}.Release|Any CPU.ActiveCfg = Release|Any CPU
		{3F9E1675-AB70-4306-BDC8-16CC52668631}.Release|Any CPU.Build.0 = Release|Any CPU
		{5E351166-5ED5-41E6-9292-AB61030CF086}.Debug|Any CPU.ActiveCfg = Debug|Any CPU
		{5E351166-5ED5-41E6-9292-AB61030CF086}.Debug|Any CPU.Build.0 = Debug|Any CPU
		{5E351166-5ED5-41E6-9292-AB61030CF086}.Release|Any CPU.ActiveCfg = Release|Any CPU
		{5E351166-5ED5-41E6-9292-AB61030CF086}.Release|Any CPU.Build.0 = Release|Any CPU
		{D0FA1F8C-7842-46D2-9F9F-03B00C75C9FD}.Debug|Any CPU.ActiveCfg = Debug|Any CPU
		{D0FA1F8C-7842-46D2-9F9F-03B00C75C9FD}.Debug|Any CPU.Build.0 = Debug|Any CPU
		{D0FA1F8C-7842-46D2-9F9F-03B00C75C9FD}.Release|Any CPU.ActiveCfg = Release|Any CPU
		{D0FA1F8C-7842-46D2-9F9F-03B00C75C9FD}.Release|Any CPU.Build.0 = Release|Any CPU
		{56588572-549B-456B-903B-97B5E9F050C3}.Debug|Any CPU.ActiveCfg = Debug|Any CPU
		{56588572-549B-456B-903B-97B5E9F050C3}.Debug|Any CPU.Build.0 = Debug|Any CPU
		{56588572-549B-456B-903B-97B5E9F050C3}.Release|Any CPU.ActiveCfg = Release|Any CPU
		{56588572-549B-456B-903B-97B5E9F050C3}.Release|Any CPU.Build.0 = Release|Any CPU
		{F643E36A-0E66-454D-B49C-078C0D5C9B18}.Debug|Any CPU.ActiveCfg = Debug|Any CPU
		{F643E36A-0E66-454D-B49C-078C0D5C9B18}.Debug|Any CPU.Build.0 = Debug|Any CPU
		{F643E36A-0E66-454D-B49C-078C0D5C9B18}.Release|Any CPU.ActiveCfg = Release|Any CPU
		{F643E36A-0E66-454D-B49C-078C0D5C9B18}.Release|Any CPU.Build.0 = Release|Any CPU
		{D620A0DF-A793-4F04-A2F5-5946AD19A808}.Debug|Any CPU.ActiveCfg = Debug|Any CPU
		{D620A0DF-A793-4F04-A2F5-5946AD19A808}.Debug|Any CPU.Build.0 = Debug|Any CPU
		{D620A0DF-A793-4F04-A2F5-5946AD19A808}.Release|Any CPU.ActiveCfg = Release|Any CPU
		{D620A0DF-A793-4F04-A2F5-5946AD19A808}.Release|Any CPU.Build.0 = Release|Any CPU
		{15A796C8-C6B5-421A-A0AF-FC2CD94E3B13}.Debug|Any CPU.ActiveCfg = Debug|Any CPU
		{15A796C8-C6B5-421A-A0AF-FC2CD94E3B13}.Debug|Any CPU.Build.0 = Debug|Any CPU
		{15A796C8-C6B5-421A-A0AF-FC2CD94E3B13}.Release|Any CPU.ActiveCfg = Release|Any CPU
		{15A796C8-C6B5-421A-A0AF-FC2CD94E3B13}.Release|Any CPU.Build.0 = Release|Any CPU
		{43E633F8-32CC-4194-B478-EF42366FB198}.Debug|Any CPU.ActiveCfg = Debug|Any CPU
		{43E633F8-32CC-4194-B478-EF42366FB198}.Debug|Any CPU.Build.0 = Debug|Any CPU
		{43E633F8-32CC-4194-B478-EF42366FB198}.Release|Any CPU.ActiveCfg = Release|Any CPU
		{43E633F8-32CC-4194-B478-EF42366FB198}.Release|Any CPU.Build.0 = Release|Any CPU
		{30B10326-0850-495E-B856-1449A2C413E1}.Debug|Any CPU.ActiveCfg = Debug|Any CPU
		{30B10326-0850-495E-B856-1449A2C413E1}.Debug|Any CPU.Build.0 = Debug|Any CPU
		{30B10326-0850-495E-B856-1449A2C413E1}.Release|Any CPU.ActiveCfg = Release|Any CPU
		{30B10326-0850-495E-B856-1449A2C413E1}.Release|Any CPU.Build.0 = Release|Any CPU
		{3D4A84E8-7841-481C-BF74-42228585E133}.Debug|Any CPU.ActiveCfg = Debug|Any CPU
		{3D4A84E8-7841-481C-BF74-42228585E133}.Debug|Any CPU.Build.0 = Debug|Any CPU
		{3D4A84E8-7841-481C-BF74-42228585E133}.Release|Any CPU.ActiveCfg = Release|Any CPU
		{3D4A84E8-7841-481C-BF74-42228585E133}.Release|Any CPU.Build.0 = Release|Any CPU
		{5EFF7F53-3D3D-46AA-9067-3BD47DA7D73B}.Debug|Any CPU.ActiveCfg = Debug|Any CPU
		{5EFF7F53-3D3D-46AA-9067-3BD47DA7D73B}.Debug|Any CPU.Build.0 = Debug|Any CPU
		{5EFF7F53-3D3D-46AA-9067-3BD47DA7D73B}.Release|Any CPU.ActiveCfg = Release|Any CPU
		{5EFF7F53-3D3D-46AA-9067-3BD47DA7D73B}.Release|Any CPU.Build.0 = Release|Any CPU
	EndGlobalSection
	GlobalSection(SolutionProperties) = preSolution
		HideSolutionNode = FALSE
	EndGlobalSection
	GlobalSection(NestedProjects) = preSolution
		{43E633F8-32CC-4194-B478-EF42366FB198} = {9894154E-D942-4015-89E3-B80D6E835C8F}
		{30B10326-0850-495E-B856-1449A2C413E1} = {9894154E-D942-4015-89E3-B80D6E835C8F}
		{3D4A84E8-7841-481C-BF74-42228585E133} = {9894154E-D942-4015-89E3-B80D6E835C8F}
		{5EFF7F53-3D3D-46AA-9067-3BD47DA7D73B} = {9894154E-D942-4015-89E3-B80D6E835C8F}
		{3F9E1675-AB70-4306-BDC8-16CC52668631} = {D9041AF4-E71F-48D6-88CC-B68652DAB998}
		{D620A0DF-A793-4F04-A2F5-5946AD19A808} = {B6BD95D4-DAED-45E5-82E9-B9342DA5EA2C}
		{15A796C8-C6B5-421A-A0AF-FC2CD94E3B13} = {B6BD95D4-DAED-45E5-82E9-B9342DA5EA2C}
		{5E351166-5ED5-41E6-9292-AB61030CF086} = {7C86C476-3278-4E8E-A2BC-10D9C8D24238}
		{D0FA1F8C-7842-46D2-9F9F-03B00C75C9FD} = {7C86C476-3278-4E8E-A2BC-10D9C8D24238}
		{56588572-549B-456B-903B-97B5E9F050C3} = {7C86C476-3278-4E8E-A2BC-10D9C8D24238}
		{F643E36A-0E66-454D-B49C-078C0D5C9B18} = {7C86C476-3278-4E8E-A2BC-10D9C8D24238}
	EndGlobalSection
EndGlobal
